// !$*UTF8*$!
{
	archiveVersion = 1;
	classes = {
	};
	objectVersion = 56;
	objects = {

/* Begin PBXBuildFile section */
		0C0A8C732CBBB56D00D2C329 /* DemoView.swift in Sources */ = {isa = PBXBuildFile; fileRef = 0C0A8C722CBBB56D00D2C329 /* DemoView.swift */; };
		0C0A8C792CBBE77100D2C329 /* test_cropped_realtime_data(0757).csv in Resources */ = {isa = PBXBuildFile; fileRef = 0C0A8C782CBBE77100D2C329 /* test_cropped_realtime_data(0757).csv */; };
		0C1D71882CCF33E8003CD700 /* test_cropped_realtime_data(2).csv in Resources */ = {isa = PBXBuildFile; fileRef = 0C1D71872CCF33E8003CD700 /* test_cropped_realtime_data(2).csv */; };
		0C1D718A2CCF33F7003CD700 /* test_cropped_realtime_data(3).csv in Resources */ = {isa = PBXBuildFile; fileRef = 0C1D71892CCF33F7003CD700 /* test_cropped_realtime_data(3).csv */; };
		0C1D71902CCF3E41003CD700 /* test_cropped_realtime_data(4).csv in Resources */ = {isa = PBXBuildFile; fileRef = 0C1D718F2CCF3E40003CD700 /* test_cropped_realtime_data(4).csv */; };
		0C1D71922CCF41C2003CD700 /* test_cropped_realtime_data(1).csv in Resources */ = {isa = PBXBuildFile; fileRef = 0C1D71912CCF41C2003CD700 /* test_cropped_realtime_data(1).csv */; };
		0C20A0D62C845261006790A8 /* DocumentPicker.swift in Sources */ = {isa = PBXBuildFile; fileRef = 0C20A0D52C845261006790A8 /* DocumentPicker.swift */; };
		0C24AD6B2C7CB740004CF022 /* DreamDetector_TabularClassifier.mlmodel in Sources */ = {isa = PBXBuildFile; fileRef = 0C24AD6A2C7CB740004CF022 /* DreamDetector_TabularClassifier.mlmodel */; };
		0C24AD6D2C7CBE15004CF022 /* DreamAiProcesser.swift in Sources */ = {isa = PBXBuildFile; fileRef = 0C24AD6C2C7CBE15004CF022 /* DreamAiProcesser.swift */; };
		0C24AD762C7CC95E004CF022 /* DreamAiPredictionManager.swift in Sources */ = {isa = PBXBuildFile; fileRef = 0C24AD752C7CC95E004CF022 /* DreamAiPredictionManager.swift */; };
		0C24AD782C7CC977004CF022 /* DreamAiPredictionView.swift in Sources */ = {isa = PBXBuildFile; fileRef = 0C24AD772C7CC977004CF022 /* DreamAiPredictionView.swift */; };
		0C8583EA2C88260B002E7BD2 /* StageAi_MyTabularClassifier.mlmodel in Sources */ = {isa = PBXBuildFile; fileRef = 0C8583E92C88260B002E7BD2 /* StageAi_MyTabularClassifier.mlmodel */; };
		0C8583EC2C882FC3002E7BD2 /* StageAiProcesser.swift in Sources */ = {isa = PBXBuildFile; fileRef = 0C8583EB2C882FC3002E7BD2 /* StageAiProcesser.swift */; };
		0C8583EE2C883117002E7BD2 /* StageAiPredictionManager.swift in Sources */ = {isa = PBXBuildFile; fileRef = 0C8583ED2C883117002E7BD2 /* StageAiPredictionManager.swift */; };
		0C8583F02C883280002E7BD2 /* StageAiPredictionView.swift in Sources */ = {isa = PBXBuildFile; fileRef = 0C8583EF2C883280002E7BD2 /* StageAiPredictionView.swift */; };
		0C8583F22C88938E002E7BD2 /* CSVExporter.swift in Sources */ = {isa = PBXBuildFile; fileRef = 0C8583F12C88938E002E7BD2 /* CSVExporter.swift */; };
		0CFAD48A2C83940300791BF5 /* TrainingView.swift in Sources */ = {isa = PBXBuildFile; fileRef = 0CFAD4892C83940300791BF5 /* TrainingView.swift */; };
		0CFAD48C2C839CD200791BF5 /* TrainProcesser.swift in Sources */ = {isa = PBXBuildFile; fileRef = 0CFAD48B2C839CD200791BF5 /* TrainProcesser.swift */; };
		3B05422A2C75CB3700A4CB0D /* BackButton.swift in Sources */ = {isa = PBXBuildFile; fileRef = 3B0542292C75CB3700A4CB0D /* BackButton.swift */; };
		3B05422C2C75CB9200A4CB0D /* TopNav.swift in Sources */ = {isa = PBXBuildFile; fileRef = 3B05422B2C75CB9200A4CB0D /* TopNav.swift */; };
		3B2555DD2C7727B400F298BF /* DataManager.swift in Sources */ = {isa = PBXBuildFile; fileRef = 3B2555DC2C7727B400F298BF /* DataManager.swift */; };
		3B3554042C776E8D005FA172 /* SleepDataView.swift in Sources */ = {isa = PBXBuildFile; fileRef = 3B3554032C776E8D005FA172 /* SleepDataView.swift */; };
		3B445A042BF0F0E900AFA631 /* GetDatasApp.swift in Sources */ = {isa = PBXBuildFile; fileRef = 3B445A032BF0F0E900AFA631 /* GetDatasApp.swift */; };
		3B445A082BF0F0EA00AFA631 /* Assets.xcassets in Resources */ = {isa = PBXBuildFile; fileRef = 3B445A072BF0F0EA00AFA631 /* Assets.xcassets */; };
		3B445A0B2BF0F0EA00AFA631 /* Preview Assets.xcassets in Resources */ = {isa = PBXBuildFile; fileRef = 3B445A0A2BF0F0EA00AFA631 /* Preview Assets.xcassets */; };
		3B445A112BF0F0EA00AFA631 /* GetDatas Watch App.app in Embed Watch Content */ = {isa = PBXBuildFile; fileRef = 3B445A102BF0F0EA00AFA631 /* GetDatas Watch App.app */; settings = {ATTRIBUTES = (RemoveHeadersOnCopy, ); }; };
		3B445A162BF0F0EA00AFA631 /* GetDatasApp.swift in Sources */ = {isa = PBXBuildFile; fileRef = 3B445A152BF0F0EA00AFA631 /* GetDatasApp.swift */; };
		3B445A1A2BF0F0EB00AFA631 /* Assets.xcassets in Resources */ = {isa = PBXBuildFile; fileRef = 3B445A192BF0F0EB00AFA631 /* Assets.xcassets */; };
		3B445A1D2BF0F0EB00AFA631 /* Preview Assets.xcassets in Resources */ = {isa = PBXBuildFile; fileRef = 3B445A1C2BF0F0EB00AFA631 /* Preview Assets.xcassets */; };
		3B74A47B2C8DF9D60033FF20 /* DailySleepView.swift in Sources */ = {isa = PBXBuildFile; fileRef = 3B74A47A2C8DF9D60033FF20 /* DailySleepView.swift */; };
		3B74A47D2C8DF9EC0033FF20 /* WeeklySleepView.swift in Sources */ = {isa = PBXBuildFile; fileRef = 3B74A47C2C8DF9EC0033FF20 /* WeeklySleepView.swift */; };
		3B74A47F2C8DFA010033FF20 /* MonthlySleepView.swift in Sources */ = {isa = PBXBuildFile; fileRef = 3B74A47E2C8DFA010033FF20 /* MonthlySleepView.swift */; };
		3B74A4812C8DFA170033FF20 /* AnnuallySleepView.swift in Sources */ = {isa = PBXBuildFile; fileRef = 3B74A4802C8DFA170033FF20 /* AnnuallySleepView.swift */; };
		3BA82A392C79E1EC00CE24F2 /* BottomNav.swift in Sources */ = {isa = PBXBuildFile; fileRef = 3BA82A382C79E1EC00CE24F2 /* BottomNav.swift */; };
		3BA82A3E2C79E64A00CE24F2 /* SettingsView.swift in Sources */ = {isa = PBXBuildFile; fileRef = 3BA82A3D2C79E64A00CE24F2 /* SettingsView.swift */; };
		3BA82A402C79E7C500CE24F2 /* SleepView.swift in Sources */ = {isa = PBXBuildFile; fileRef = 3BA82A3F2C79E7C500CE24F2 /* SleepView.swift */; };
		3BA82A422C79E82600CE24F2 /* SoundsView.swift in Sources */ = {isa = PBXBuildFile; fileRef = 3BA82A412C79E82600CE24F2 /* SoundsView.swift */; };
		3BC998AE2C7C5BE800B9C3E1 /* CustomTopBar.swift in Sources */ = {isa = PBXBuildFile; fileRef = 3BC998AD2C7C5BE800B9C3E1 /* CustomTopBar.swift */; };
		3BF207EB2C735CA4000DEDA9 /* RecordView.swift in Sources */ = {isa = PBXBuildFile; fileRef = 3BF207EA2C735CA4000DEDA9 /* RecordView.swift */; };
		736119482C68948100F3FF11 /* LoadingView.swift in Sources */ = {isa = PBXBuildFile; fileRef = 736119472C68948100F3FF11 /* LoadingView.swift */; };
		736119522C68A23300F3FF11 /* Colors.swift in Sources */ = {isa = PBXBuildFile; fileRef = 736119512C68A23300F3FF11 /* Colors.swift */; };
		736119542C68A30100F3FF11 /* CarouselView.swift .swift in Sources */ = {isa = PBXBuildFile; fileRef = 736119532C68A30100F3FF11 /* CarouselView.swift .swift */; };
		736119592C68A59300F3FF11 /* LoginView.swift in Sources */ = {isa = PBXBuildFile; fileRef = 736119582C68A59300F3FF11 /* LoginView.swift */; };
		7361195D2C68A6D100F3FF11 /* RegisterView.swift in Sources */ = {isa = PBXBuildFile; fileRef = 7361195C2C68A6D100F3FF11 /* RegisterView.swift */; };
		7361195F2C68A99000F3FF11 /* RegisterCompleteView.swift in Sources */ = {isa = PBXBuildFile; fileRef = 7361195E2C68A99000F3FF11 /* RegisterCompleteView.swift */; };
		736119612C68AA8800F3FF11 /* DeviceRegistrationView.swift .swift in Sources */ = {isa = PBXBuildFile; fileRef = 736119602C68AA8800F3FF11 /* DeviceRegistrationView.swift .swift */; };
		736119662C68AE5800F3FF11 /* HomeView.swift in Sources */ = {isa = PBXBuildFile; fileRef = 736119652C68AE5800F3FF11 /* HomeView.swift */; };
		7361196C2C68B6C400F3FF11 /* SleepTrackingView.swift in Sources */ = {isa = PBXBuildFile; fileRef = 7361196B2C68B6C400F3FF11 /* SleepTrackingView.swift */; };
		738244052CB512DB008AB3BF /* CommonData.swift in Sources */ = {isa = PBXBuildFile; fileRef = 738244042CB512DB008AB3BF /* CommonData.swift */; };
		739AE9642C6DB1ED006BAF47 /* AccountManagementView.swift in Sources */ = {isa = PBXBuildFile; fileRef = 739AE9632C6DB1ED006BAF47 /* AccountManagementView.swift */; };
		739AE9662C6DB91F006BAF47 /* ImagePicker.swift in Sources */ = {isa = PBXBuildFile; fileRef = 739AE9652C6DB91F006BAF47 /* ImagePicker.swift */; };
		739AE9682C6DD742006BAF47 /* NameChangeView.swift in Sources */ = {isa = PBXBuildFile; fileRef = 739AE9672C6DD742006BAF47 /* NameChangeView.swift */; };
		739AE96A2C6DE037006BAF47 /* EmailChangeView.swift in Sources */ = {isa = PBXBuildFile; fileRef = 739AE9692C6DE037006BAF47 /* EmailChangeView.swift */; };
		739AE96C2C6DE368006BAF47 /* PasswordChangeView.swift in Sources */ = {isa = PBXBuildFile; fileRef = 739AE96B2C6DE368006BAF47 /* PasswordChangeView.swift */; };
		739AE9702C700950006BAF47 /* SleepDetailView.swift in Sources */ = {isa = PBXBuildFile; fileRef = 739AE96F2C700950006BAF47 /* SleepDetailView.swift */; };
		739AE9742C700C31006BAF47 /* BedTimeAlarmView.swift in Sources */ = {isa = PBXBuildFile; fileRef = 739AE9732C700C31006BAF47 /* BedTimeAlarmView.swift */; };
		73E1F5B02C833DF0000118C7 /* Album.swift in Sources */ = {isa = PBXBuildFile; fileRef = 73E1F5AF2C833DEF000118C7 /* Album.swift */; };
		73E1F5B22C833E03000118C7 /* AlbumView.swift in Sources */ = {isa = PBXBuildFile; fileRef = 73E1F5B12C833E03000118C7 /* AlbumView.swift */; };
		73E1F5B42C833E1C000118C7 /* MiniPlayerView.swift in Sources */ = {isa = PBXBuildFile; fileRef = 73E1F5B32C833E1C000118C7 /* MiniPlayerView.swift */; };
		73E1F5B62C833E2E000118C7 /* MusicPlayerView.swift in Sources */ = {isa = PBXBuildFile; fileRef = 73E1F5B52C833E2E000118C7 /* MusicPlayerView.swift */; };
		73E1F5BA2C8342DC000118C7 /* 1.mp3 in Resources */ = {isa = PBXBuildFile; fileRef = 73E1F5B92C8342DC000118C7 /* 1.mp3 */; };
		A82DF18F2C7B331A00EF097E /* MainContentView.swift in Sources */ = {isa = PBXBuildFile; fileRef = A82DF18E2C7B331A00EF097E /* MainContentView.swift */; };
		A82DF1922C7B5AC100EF097E /* BLEManager.swift in Sources */ = {isa = PBXBuildFile; fileRef = A82DF1912C7B5AC100EF097E /* BLEManager.swift */; };
/* End PBXBuildFile section */

/* Begin PBXContainerItemProxy section */
		3B445A122BF0F0EA00AFA631 /* PBXContainerItemProxy */ = {
			isa = PBXContainerItemProxy;
			containerPortal = 3B4459F82BF0F0E900AFA631 /* Project object */;
			proxyType = 1;
			remoteGlobalIDString = 3B445A0F2BF0F0EA00AFA631;
			remoteInfo = "GetDatas Watch App";
		};
/* End PBXContainerItemProxy section */

/* Begin PBXCopyFilesBuildPhase section */
		3B445A232BF0F0EB00AFA631 /* Embed Watch Content */ = {
			isa = PBXCopyFilesBuildPhase;
			buildActionMask = 2147483647;
			dstPath = "$(CONTENTS_FOLDER_PATH)/Watch";
			dstSubfolderSpec = 16;
			files = (
				3B445A112BF0F0EA00AFA631 /* GetDatas Watch App.app in Embed Watch Content */,
			);
			name = "Embed Watch Content";
			runOnlyForDeploymentPostprocessing = 0;
		};
/* End PBXCopyFilesBuildPhase section */

/* Begin PBXFileReference section */
		0C0A8C722CBBB56D00D2C329 /* DemoView.swift */ = {isa = PBXFileReference; lastKnownFileType = sourcecode.swift; path = DemoView.swift; sourceTree = "<group>"; };
		0C0A8C782CBBE77100D2C329 /* test_cropped_realtime_data(0757).csv */ = {isa = PBXFileReference; fileEncoding = 4; lastKnownFileType = text; path = "test_cropped_realtime_data(0757).csv"; sourceTree = "<group>"; };
		0C1D71872CCF33E8003CD700 /* test_cropped_realtime_data(2).csv */ = {isa = PBXFileReference; fileEncoding = 4; lastKnownFileType = text; path = "test_cropped_realtime_data(2).csv"; sourceTree = "<group>"; };
		0C1D71892CCF33F7003CD700 /* test_cropped_realtime_data(3).csv */ = {isa = PBXFileReference; fileEncoding = 4; lastKnownFileType = text; path = "test_cropped_realtime_data(3).csv"; sourceTree = "<group>"; };
		0C1D718F2CCF3E40003CD700 /* test_cropped_realtime_data(4).csv */ = {isa = PBXFileReference; fileEncoding = 4; lastKnownFileType = text; path = "test_cropped_realtime_data(4).csv"; sourceTree = "<group>"; };
		0C1D71912CCF41C2003CD700 /* test_cropped_realtime_data(1).csv */ = {isa = PBXFileReference; fileEncoding = 4; lastKnownFileType = text; path = "test_cropped_realtime_data(1).csv"; sourceTree = "<group>"; };
		0C20A0D52C845261006790A8 /* DocumentPicker.swift */ = {isa = PBXFileReference; lastKnownFileType = sourcecode.swift; path = DocumentPicker.swift; sourceTree = "<group>"; };
		0C24AD6A2C7CB740004CF022 /* DreamDetector_TabularClassifier.mlmodel */ = {isa = PBXFileReference; lastKnownFileType = file.mlmodel; path = DreamDetector_TabularClassifier.mlmodel; sourceTree = "<group>"; };
		0C24AD6C2C7CBE15004CF022 /* DreamAiProcesser.swift */ = {isa = PBXFileReference; lastKnownFileType = sourcecode.swift; path = DreamAiProcesser.swift; sourceTree = "<group>"; };
		0C24AD752C7CC95E004CF022 /* DreamAiPredictionManager.swift */ = {isa = PBXFileReference; lastKnownFileType = sourcecode.swift; path = DreamAiPredictionManager.swift; sourceTree = "<group>"; };
		0C24AD772C7CC977004CF022 /* DreamAiPredictionView.swift */ = {isa = PBXFileReference; lastKnownFileType = sourcecode.swift; path = DreamAiPredictionView.swift; sourceTree = "<group>"; };
		0C8583E92C88260B002E7BD2 /* StageAi_MyTabularClassifier.mlmodel */ = {isa = PBXFileReference; lastKnownFileType = file.mlmodel; path = StageAi_MyTabularClassifier.mlmodel; sourceTree = "<group>"; };
		0C8583EB2C882FC3002E7BD2 /* StageAiProcesser.swift */ = {isa = PBXFileReference; lastKnownFileType = sourcecode.swift; path = StageAiProcesser.swift; sourceTree = "<group>"; };
		0C8583ED2C883117002E7BD2 /* StageAiPredictionManager.swift */ = {isa = PBXFileReference; lastKnownFileType = sourcecode.swift; path = StageAiPredictionManager.swift; sourceTree = "<group>"; };
		0C8583EF2C883280002E7BD2 /* StageAiPredictionView.swift */ = {isa = PBXFileReference; lastKnownFileType = sourcecode.swift; path = StageAiPredictionView.swift; sourceTree = "<group>"; };
		0C8583F12C88938E002E7BD2 /* CSVExporter.swift */ = {isa = PBXFileReference; lastKnownFileType = sourcecode.swift; path = CSVExporter.swift; sourceTree = "<group>"; };
		0CFAD4892C83940300791BF5 /* TrainingView.swift */ = {isa = PBXFileReference; lastKnownFileType = sourcecode.swift; path = TrainingView.swift; sourceTree = "<group>"; };
		0CFAD48B2C839CD200791BF5 /* TrainProcesser.swift */ = {isa = PBXFileReference; lastKnownFileType = sourcecode.swift; path = TrainProcesser.swift; sourceTree = "<group>"; };
		3B0542292C75CB3700A4CB0D /* BackButton.swift */ = {isa = PBXFileReference; lastKnownFileType = sourcecode.swift; path = BackButton.swift; sourceTree = "<group>"; };
		3B05422B2C75CB9200A4CB0D /* TopNav.swift */ = {isa = PBXFileReference; lastKnownFileType = sourcecode.swift; path = TopNav.swift; sourceTree = "<group>"; };
		3B2555DC2C7727B400F298BF /* DataManager.swift */ = {isa = PBXFileReference; lastKnownFileType = sourcecode.swift; path = DataManager.swift; sourceTree = "<group>"; };
		3B3554032C776E8D005FA172 /* SleepDataView.swift */ = {isa = PBXFileReference; lastKnownFileType = sourcecode.swift; path = SleepDataView.swift; sourceTree = "<group>"; };
		3B445A002BF0F0E900AFA631 /* GetDatas.app */ = {isa = PBXFileReference; explicitFileType = wrapper.application; includeInIndex = 0; path = GetDatas.app; sourceTree = BUILT_PRODUCTS_DIR; };
		3B445A032BF0F0E900AFA631 /* GetDatasApp.swift */ = {isa = PBXFileReference; lastKnownFileType = sourcecode.swift; path = GetDatasApp.swift; sourceTree = "<group>"; };
		3B445A072BF0F0EA00AFA631 /* Assets.xcassets */ = {isa = PBXFileReference; lastKnownFileType = folder.assetcatalog; path = Assets.xcassets; sourceTree = "<group>"; };
		3B445A0A2BF0F0EA00AFA631 /* Preview Assets.xcassets */ = {isa = PBXFileReference; lastKnownFileType = folder.assetcatalog; path = "Preview Assets.xcassets"; sourceTree = "<group>"; };
		3B445A102BF0F0EA00AFA631 /* GetDatas Watch App.app */ = {isa = PBXFileReference; explicitFileType = wrapper.application; includeInIndex = 0; path = "GetDatas Watch App.app"; sourceTree = BUILT_PRODUCTS_DIR; };
		3B445A152BF0F0EA00AFA631 /* GetDatasApp.swift */ = {isa = PBXFileReference; lastKnownFileType = sourcecode.swift; path = GetDatasApp.swift; sourceTree = "<group>"; };
		3B445A192BF0F0EB00AFA631 /* Assets.xcassets */ = {isa = PBXFileReference; lastKnownFileType = folder.assetcatalog; path = Assets.xcassets; sourceTree = "<group>"; };
		3B445A1C2BF0F0EB00AFA631 /* Preview Assets.xcassets */ = {isa = PBXFileReference; lastKnownFileType = folder.assetcatalog; path = "Preview Assets.xcassets"; sourceTree = "<group>"; };
		3B445A272BF0F10F00AFA631 /* GetDatas.entitlements */ = {isa = PBXFileReference; lastKnownFileType = text.plist.entitlements; path = GetDatas.entitlements; sourceTree = "<group>"; };
		3B74A47A2C8DF9D60033FF20 /* DailySleepView.swift */ = {isa = PBXFileReference; lastKnownFileType = sourcecode.swift; path = DailySleepView.swift; sourceTree = "<group>"; };
		3B74A47C2C8DF9EC0033FF20 /* WeeklySleepView.swift */ = {isa = PBXFileReference; lastKnownFileType = sourcecode.swift; path = WeeklySleepView.swift; sourceTree = "<group>"; };
		3B74A47E2C8DFA010033FF20 /* MonthlySleepView.swift */ = {isa = PBXFileReference; lastKnownFileType = sourcecode.swift; path = MonthlySleepView.swift; sourceTree = "<group>"; };
		3B74A4802C8DFA170033FF20 /* AnnuallySleepView.swift */ = {isa = PBXFileReference; lastKnownFileType = sourcecode.swift; path = AnnuallySleepView.swift; sourceTree = "<group>"; };
		3B869B742BF472C800890FB8 /* Info.plist */ = {isa = PBXFileReference; lastKnownFileType = text.plist; path = Info.plist; sourceTree = "<group>"; };
		3B869B752BF4730B00890FB8 /* GetDatas-Watch-App-Info.plist */ = {isa = PBXFileReference; lastKnownFileType = text.plist; path = "GetDatas-Watch-App-Info.plist"; sourceTree = SOURCE_ROOT; };
		3B90127B2BF439E3001253B5 /* GetDatas Watch App.entitlements */ = {isa = PBXFileReference; lastKnownFileType = text.plist.entitlements; path = "GetDatas Watch App.entitlements"; sourceTree = "<group>"; };
		3BA82A382C79E1EC00CE24F2 /* BottomNav.swift */ = {isa = PBXFileReference; lastKnownFileType = sourcecode.swift; path = BottomNav.swift; sourceTree = "<group>"; };
		3BA82A3D2C79E64A00CE24F2 /* SettingsView.swift */ = {isa = PBXFileReference; lastKnownFileType = sourcecode.swift; path = SettingsView.swift; sourceTree = "<group>"; };
		3BA82A3F2C79E7C500CE24F2 /* SleepView.swift */ = {isa = PBXFileReference; lastKnownFileType = sourcecode.swift; path = SleepView.swift; sourceTree = "<group>"; };
		3BA82A412C79E82600CE24F2 /* SoundsView.swift */ = {isa = PBXFileReference; lastKnownFileType = sourcecode.swift; path = SoundsView.swift; sourceTree = "<group>"; };
		3BC998AD2C7C5BE800B9C3E1 /* CustomTopBar.swift */ = {isa = PBXFileReference; lastKnownFileType = sourcecode.swift; path = CustomTopBar.swift; sourceTree = "<group>"; };
		3BF207EA2C735CA4000DEDA9 /* RecordView.swift */ = {isa = PBXFileReference; lastKnownFileType = sourcecode.swift; path = RecordView.swift; sourceTree = "<group>"; };
		736119472C68948100F3FF11 /* LoadingView.swift */ = {isa = PBXFileReference; lastKnownFileType = sourcecode.swift; path = LoadingView.swift; sourceTree = "<group>"; };
		736119512C68A23300F3FF11 /* Colors.swift */ = {isa = PBXFileReference; lastKnownFileType = sourcecode.swift; path = Colors.swift; sourceTree = "<group>"; };
		736119532C68A30100F3FF11 /* CarouselView.swift .swift */ = {isa = PBXFileReference; lastKnownFileType = sourcecode.swift; path = "CarouselView.swift .swift"; sourceTree = "<group>"; };
		736119582C68A59300F3FF11 /* LoginView.swift */ = {isa = PBXFileReference; lastKnownFileType = sourcecode.swift; path = LoginView.swift; sourceTree = "<group>"; };
		7361195C2C68A6D100F3FF11 /* RegisterView.swift */ = {isa = PBXFileReference; lastKnownFileType = sourcecode.swift; path = RegisterView.swift; sourceTree = "<group>"; };
		7361195E2C68A99000F3FF11 /* RegisterCompleteView.swift */ = {isa = PBXFileReference; lastKnownFileType = sourcecode.swift; path = RegisterCompleteView.swift; sourceTree = "<group>"; };
		736119602C68AA8800F3FF11 /* DeviceRegistrationView.swift .swift */ = {isa = PBXFileReference; lastKnownFileType = sourcecode.swift; path = "DeviceRegistrationView.swift .swift"; sourceTree = "<group>"; };
		736119652C68AE5800F3FF11 /* HomeView.swift */ = {isa = PBXFileReference; lastKnownFileType = sourcecode.swift; path = HomeView.swift; sourceTree = "<group>"; };
		7361196B2C68B6C400F3FF11 /* SleepTrackingView.swift */ = {isa = PBXFileReference; lastKnownFileType = sourcecode.swift; path = SleepTrackingView.swift; sourceTree = "<group>"; };
		738244042CB512DB008AB3BF /* CommonData.swift */ = {isa = PBXFileReference; lastKnownFileType = sourcecode.swift; path = CommonData.swift; sourceTree = "<group>"; };
		739AE9632C6DB1ED006BAF47 /* AccountManagementView.swift */ = {isa = PBXFileReference; lastKnownFileType = sourcecode.swift; path = AccountManagementView.swift; sourceTree = "<group>"; };
		739AE9652C6DB91F006BAF47 /* ImagePicker.swift */ = {isa = PBXFileReference; lastKnownFileType = sourcecode.swift; path = ImagePicker.swift; sourceTree = "<group>"; };
		739AE9672C6DD742006BAF47 /* NameChangeView.swift */ = {isa = PBXFileReference; lastKnownFileType = sourcecode.swift; path = NameChangeView.swift; sourceTree = "<group>"; };
		739AE9692C6DE037006BAF47 /* EmailChangeView.swift */ = {isa = PBXFileReference; lastKnownFileType = sourcecode.swift; path = EmailChangeView.swift; sourceTree = "<group>"; };
		739AE96B2C6DE368006BAF47 /* PasswordChangeView.swift */ = {isa = PBXFileReference; lastKnownFileType = sourcecode.swift; path = PasswordChangeView.swift; sourceTree = "<group>"; };
		739AE96F2C700950006BAF47 /* SleepDetailView.swift */ = {isa = PBXFileReference; lastKnownFileType = sourcecode.swift; path = SleepDetailView.swift; sourceTree = "<group>"; };
		739AE9732C700C31006BAF47 /* BedTimeAlarmView.swift */ = {isa = PBXFileReference; lastKnownFileType = sourcecode.swift; path = BedTimeAlarmView.swift; sourceTree = "<group>"; };
		73E1F5AF2C833DEF000118C7 /* Album.swift */ = {isa = PBXFileReference; lastKnownFileType = sourcecode.swift; path = Album.swift; sourceTree = "<group>"; };
		73E1F5B12C833E03000118C7 /* AlbumView.swift */ = {isa = PBXFileReference; lastKnownFileType = sourcecode.swift; path = AlbumView.swift; sourceTree = "<group>"; };
		73E1F5B32C833E1C000118C7 /* MiniPlayerView.swift */ = {isa = PBXFileReference; lastKnownFileType = sourcecode.swift; path = MiniPlayerView.swift; sourceTree = "<group>"; };
		73E1F5B52C833E2E000118C7 /* MusicPlayerView.swift */ = {isa = PBXFileReference; lastKnownFileType = sourcecode.swift; path = MusicPlayerView.swift; sourceTree = "<group>"; };
		73E1F5B92C8342DC000118C7 /* 1.mp3 */ = {isa = PBXFileReference; lastKnownFileType = audio.mp3; path = 1.mp3; sourceTree = "<group>"; };
		A82DF18E2C7B331A00EF097E /* MainContentView.swift */ = {isa = PBXFileReference; lastKnownFileType = sourcecode.swift; path = MainContentView.swift; sourceTree = "<group>"; };
		A82DF1912C7B5AC100EF097E /* BLEManager.swift */ = {isa = PBXFileReference; lastKnownFileType = sourcecode.swift; path = BLEManager.swift; sourceTree = "<group>"; };
/* End PBXFileReference section */

/* Begin PBXFrameworksBuildPhase section */
		3B4459FD2BF0F0E900AFA631 /* Frameworks */ = {
			isa = PBXFrameworksBuildPhase;
			buildActionMask = 2147483647;
			files = (
			);
			runOnlyForDeploymentPostprocessing = 0;
		};
		3B445A0D2BF0F0EA00AFA631 /* Frameworks */ = {
			isa = PBXFrameworksBuildPhase;
			buildActionMask = 2147483647;
			files = (
			);
			runOnlyForDeploymentPostprocessing = 0;
		};
/* End PBXFrameworksBuildPhase section */

/* Begin PBXGroup section */
		0C24AD692C7CB725004CF022 /* DreamAi */ = {
			isa = PBXGroup;
			children = (
				0C24AD6A2C7CB740004CF022 /* DreamDetector_TabularClassifier.mlmodel */,
				0C24AD6C2C7CBE15004CF022 /* DreamAiProcesser.swift */,
				0C24AD752C7CC95E004CF022 /* DreamAiPredictionManager.swift */,
				0C24AD772C7CC977004CF022 /* DreamAiPredictionView.swift */,
			);
			path = DreamAi;
			sourceTree = "<group>";
		};
		0C502EFE2CBBB0CE00A5BA57 /* TestStageAi */ = {
			isa = PBXGroup;
			children = (
				0C0A8C782CBBE77100D2C329 /* test_cropped_realtime_data(0757).csv */,
				0C1D718F2CCF3E40003CD700 /* test_cropped_realtime_data(4).csv */,
				0C1D71912CCF41C2003CD700 /* test_cropped_realtime_data(1).csv */,
				0C1D71872CCF33E8003CD700 /* test_cropped_realtime_data(2).csv */,
				0C1D71892CCF33F7003CD700 /* test_cropped_realtime_data(3).csv */,
				0C0A8C722CBBB56D00D2C329 /* DemoView.swift */,
			);
			path = TestStageAi;
			sourceTree = "<group>";
		};
		0CF496022C8776BF0065A588 /* StageAi */ = {
			isa = PBXGroup;
			children = (
				0C8583E92C88260B002E7BD2 /* StageAi_MyTabularClassifier.mlmodel */,
				0C8583EB2C882FC3002E7BD2 /* StageAiProcesser.swift */,
				0C8583ED2C883117002E7BD2 /* StageAiPredictionManager.swift */,
				0C8583EF2C883280002E7BD2 /* StageAiPredictionView.swift */,
			);
			path = StageAi;
			sourceTree = "<group>";
		};
		0CFAD4882C8393CC00791BF5 /* AiTraning */ = {
			isa = PBXGroup;
			children = (
				0CFAD4892C83940300791BF5 /* TrainingView.swift */,
				0CFAD48B2C839CD200791BF5 /* TrainProcesser.swift */,
				0C20A0D52C845261006790A8 /* DocumentPicker.swift */,
			);
			path = AiTraning;
			sourceTree = "<group>";
		};
		3B0542222C75CAD100A4CB0D /* Component */ = {
			isa = PBXGroup;
			children = (
				736119512C68A23300F3FF11 /* Colors.swift */,
				3B0542292C75CB3700A4CB0D /* BackButton.swift */,
				3BC998AD2C7C5BE800B9C3E1 /* CustomTopBar.swift */,
				3BA82A382C79E1EC00CE24F2 /* BottomNav.swift */,
				3B05422B2C75CB9200A4CB0D /* TopNav.swift */,
			);
			path = Component;
			sourceTree = "<group>";
		};
		3B4459F72BF0F0E900AFA631 = {
			isa = PBXGroup;
			children = (
				3B445A022BF0F0E900AFA631 /* GetDatas */,
				3B445A142BF0F0EA00AFA631 /* GetDatas Watch App */,
				3B445A012BF0F0E900AFA631 /* Products */,
			);
			sourceTree = "<group>";
		};
		3B445A012BF0F0E900AFA631 /* Products */ = {
			isa = PBXGroup;
			children = (
				3B445A002BF0F0E900AFA631 /* GetDatas.app */,
				3B445A102BF0F0EA00AFA631 /* GetDatas Watch App.app */,
			);
			name = Products;
			sourceTree = "<group>";
		};
		3B445A022BF0F0E900AFA631 /* GetDatas */ = {
			isa = PBXGroup;
			children = (
				0C502EFE2CBBB0CE00A5BA57 /* TestStageAi */,
				73E1F5B92C8342DC000118C7 /* 1.mp3 */,
				739AE9622C6DB1D6006BAF47 /* AccountManagement */,
				0CFAD4882C8393CC00791BF5 /* AiTraning */,
				3B445A072BF0F0EA00AFA631 /* Assets.xcassets */,
				A82DF1902C7B5A8F00EF097E /* BLEManager */,
				736119562C68A4D400F3FF11 /* Carousel */,
				3B0542222C75CAD100A4CB0D /* Component */,
				736119642C68AAB700F3FF11 /* DeviceRegistration */,
				0C24AD692C7CB725004CF022 /* DreamAi */,
				3B445A272BF0F10F00AFA631 /* GetDatas.entitlements */,
				3B445A032BF0F0E900AFA631 /* GetDatasApp.swift */,
				7361196A2C68B6A800F3FF11 /* Home */,
				3B869B742BF472C800890FB8 /* Info.plist */,
				736119552C68A48A00F3FF11 /* Loading */,
				7361195A2C68A59A00F3FF11 /* Login */,
				A82DF18E2C7B331A00EF097E /* MainContentView.swift */,
				3B445A092BF0F0EA00AFA631 /* Preview Content */,
				3BF207E92C735C79000DEDA9 /* Record */,
				7361195B2C68A6AE00F3FF11 /* Register */,
				3BA82A3C2C79E61D00CE24F2 /* Setting */,
				3B74A4792C8DF99D0033FF20 /* Sleep */,
				73E1F5AE2C83106D000118C7 /* Sounds */,
				0CF496022C8776BF0065A588 /* StageAi */,
			);
			path = GetDatas;
			sourceTree = "<group>";
		};
		3B445A092BF0F0EA00AFA631 /* Preview Content */ = {
			isa = PBXGroup;
			children = (
				3B445A0A2BF0F0EA00AFA631 /* Preview Assets.xcassets */,
			);
			path = "Preview Content";
			sourceTree = "<group>";
		};
		3B445A142BF0F0EA00AFA631 /* GetDatas Watch App */ = {
			isa = PBXGroup;
			children = (
				3B869B752BF4730B00890FB8 /* GetDatas-Watch-App-Info.plist */,
				3B90127B2BF439E3001253B5 /* GetDatas Watch App.entitlements */,
				3B2555DC2C7727B400F298BF /* DataManager.swift */,
				3B445A152BF0F0EA00AFA631 /* GetDatasApp.swift */,
				3B445A192BF0F0EB00AFA631 /* Assets.xcassets */,
				3B445A1B2BF0F0EB00AFA631 /* Preview Content */,
			);
			path = "GetDatas Watch App";
			sourceTree = "<group>";
		};
		3B445A1B2BF0F0EB00AFA631 /* Preview Content */ = {
			isa = PBXGroup;
			children = (
				3B445A1C2BF0F0EB00AFA631 /* Preview Assets.xcassets */,
			);
			path = "Preview Content";
			sourceTree = "<group>";
		};
		3B74A4792C8DF99D0033FF20 /* Sleep */ = {
			isa = PBXGroup;
			children = (
				3BA82A3F2C79E7C500CE24F2 /* SleepView.swift */,
				3B74A47C2C8DF9EC0033FF20 /* WeeklySleepView.swift */,
				3B74A47A2C8DF9D60033FF20 /* DailySleepView.swift */,
				3B74A4802C8DFA170033FF20 /* AnnuallySleepView.swift */,
				3B74A47E2C8DFA010033FF20 /* MonthlySleepView.swift */,
				738244042CB512DB008AB3BF /* CommonData.swift */,
			);
			path = Sleep;
			sourceTree = "<group>";
		};
		3BA82A3C2C79E61D00CE24F2 /* Setting */ = {
			isa = PBXGroup;
			children = (
				3BA82A3D2C79E64A00CE24F2 /* SettingsView.swift */,
			);
			path = Setting;
			sourceTree = "<group>";
		};
		3BF207E92C735C79000DEDA9 /* Record */ = {
			isa = PBXGroup;
			children = (
				3BF207EA2C735CA4000DEDA9 /* RecordView.swift */,
				3B3554032C776E8D005FA172 /* SleepDataView.swift */,
				0C8583F12C88938E002E7BD2 /* CSVExporter.swift */,
			);
			path = Record;
			sourceTree = "<group>";
		};
		736119552C68A48A00F3FF11 /* Loading */ = {
			isa = PBXGroup;
			children = (
				736119472C68948100F3FF11 /* LoadingView.swift */,
			);
			path = Loading;
			sourceTree = "<group>";
		};
		736119562C68A4D400F3FF11 /* Carousel */ = {
			isa = PBXGroup;
			children = (
				736119532C68A30100F3FF11 /* CarouselView.swift .swift */,
			);
			path = Carousel;
			sourceTree = "<group>";
		};
		7361195A2C68A59A00F3FF11 /* Login */ = {
			isa = PBXGroup;
			children = (
				736119582C68A59300F3FF11 /* LoginView.swift */,
			);
			path = Login;
			sourceTree = "<group>";
		};
		7361195B2C68A6AE00F3FF11 /* Register */ = {
			isa = PBXGroup;
			children = (
				7361195C2C68A6D100F3FF11 /* RegisterView.swift */,
				7361195E2C68A99000F3FF11 /* RegisterCompleteView.swift */,
			);
			path = Register;
			sourceTree = "<group>";
		};
		736119642C68AAB700F3FF11 /* DeviceRegistration */ = {
			isa = PBXGroup;
			children = (
				736119602C68AA8800F3FF11 /* DeviceRegistrationView.swift .swift */,
			);
			path = DeviceRegistration;
			sourceTree = "<group>";
		};
		7361196A2C68B6A800F3FF11 /* Home */ = {
			isa = PBXGroup;
			children = (
				736119652C68AE5800F3FF11 /* HomeView.swift */,
				7361196B2C68B6C400F3FF11 /* SleepTrackingView.swift */,
				739AE96F2C700950006BAF47 /* SleepDetailView.swift */,
				739AE9732C700C31006BAF47 /* BedTimeAlarmView.swift */,
			);
			path = Home;
			sourceTree = "<group>";
		};
		739AE9622C6DB1D6006BAF47 /* AccountManagement */ = {
			isa = PBXGroup;
			children = (
				739AE9632C6DB1ED006BAF47 /* AccountManagementView.swift */,
				739AE9652C6DB91F006BAF47 /* ImagePicker.swift */,
				739AE9672C6DD742006BAF47 /* NameChangeView.swift */,
				739AE9692C6DE037006BAF47 /* EmailChangeView.swift */,
				739AE96B2C6DE368006BAF47 /* PasswordChangeView.swift */,
			);
			path = AccountManagement;
			sourceTree = "<group>";
		};
		73E1F5AE2C83106D000118C7 /* Sounds */ = {
			isa = PBXGroup;
			children = (
				3BA82A412C79E82600CE24F2 /* SoundsView.swift */,
				73E1F5AF2C833DEF000118C7 /* Album.swift */,
				73E1F5B12C833E03000118C7 /* AlbumView.swift */,
				73E1F5B32C833E1C000118C7 /* MiniPlayerView.swift */,
				73E1F5B52C833E2E000118C7 /* MusicPlayerView.swift */,
			);
			path = Sounds;
			sourceTree = "<group>";
		};
		A82DF1902C7B5A8F00EF097E /* BLEManager */ = {
			isa = PBXGroup;
			children = (
				A82DF1912C7B5AC100EF097E /* BLEManager.swift */,
			);
			path = BLEManager;
			sourceTree = "<group>";
		};
/* End PBXGroup section */

/* Begin PBXNativeTarget section */
		3B4459FF2BF0F0E900AFA631 /* GetDatas */ = {
			isa = PBXNativeTarget;
			buildConfigurationList = 3B445A242BF0F0EB00AFA631 /* Build configuration list for PBXNativeTarget "GetDatas" */;
			buildPhases = (
				3B4459FC2BF0F0E900AFA631 /* Sources */,
				3B4459FD2BF0F0E900AFA631 /* Frameworks */,
				3B4459FE2BF0F0E900AFA631 /* Resources */,
				3B445A232BF0F0EB00AFA631 /* Embed Watch Content */,
			);
			buildRules = (
			);
			dependencies = (
				3B445A132BF0F0EA00AFA631 /* PBXTargetDependency */,
			);
			name = GetDatas;
			productName = GetDatas;
			productReference = 3B445A002BF0F0E900AFA631 /* GetDatas.app */;
			productType = "com.apple.product-type.application";
		};
		3B445A0F2BF0F0EA00AFA631 /* GetDatas Watch App */ = {
			isa = PBXNativeTarget;
			buildConfigurationList = 3B445A202BF0F0EB00AFA631 /* Build configuration list for PBXNativeTarget "GetDatas Watch App" */;
			buildPhases = (
				3B445A0C2BF0F0EA00AFA631 /* Sources */,
				3B445A0D2BF0F0EA00AFA631 /* Frameworks */,
				3B445A0E2BF0F0EA00AFA631 /* Resources */,
			);
			buildRules = (
			);
			dependencies = (
			);
			name = "GetDatas Watch App";
			productName = "GetDatas Watch App";
			productReference = 3B445A102BF0F0EA00AFA631 /* GetDatas Watch App.app */;
			productType = "com.apple.product-type.application";
		};
/* End PBXNativeTarget section */

/* Begin PBXProject section */
		3B4459F82BF0F0E900AFA631 /* Project object */ = {
			isa = PBXProject;
			attributes = {
				BuildIndependentTargetsInParallel = 1;
				LastSwiftUpdateCheck = 1530;
				LastUpgradeCheck = 1540;
				TargetAttributes = {
					3B4459FF2BF0F0E900AFA631 = {
						CreatedOnToolsVersion = 15.3;
						LastSwiftMigration = 1540;
					};
					3B445A0F2BF0F0EA00AFA631 = {
						CreatedOnToolsVersion = 15.3;
					};
				};
			};
			buildConfigurationList = 3B4459FB2BF0F0E900AFA631 /* Build configuration list for PBXProject "GetDatas" */;
			compatibilityVersion = "Xcode 14.0";
			developmentRegion = en;
			hasScannedForEncodings = 0;
			knownRegions = (
				en,
				Base,
			);
			mainGroup = 3B4459F72BF0F0E900AFA631;
			packageReferences = (
			);
			productRefGroup = 3B445A012BF0F0E900AFA631 /* Products */;
			projectDirPath = "";
			projectRoot = "";
			targets = (
				3B4459FF2BF0F0E900AFA631 /* GetDatas */,
				3B445A0F2BF0F0EA00AFA631 /* GetDatas Watch App */,
			);
		};
/* End PBXProject section */

/* Begin PBXResourcesBuildPhase section */
		3B4459FE2BF0F0E900AFA631 /* Resources */ = {
			isa = PBXResourcesBuildPhase;
			buildActionMask = 2147483647;
			files = (
				73E1F5BA2C8342DC000118C7 /* 1.mp3 in Resources */,
				3B445A0B2BF0F0EA00AFA631 /* Preview Assets.xcassets in Resources */,
				0C1D718A2CCF33F7003CD700 /* test_cropped_realtime_data(3).csv in Resources */,
				0C1D71902CCF3E41003CD700 /* test_cropped_realtime_data(4).csv in Resources */,
				0C1D71922CCF41C2003CD700 /* test_cropped_realtime_data(1).csv in Resources */,
				3B445A082BF0F0EA00AFA631 /* Assets.xcassets in Resources */,
				0C0A8C792CBBE77100D2C329 /* test_cropped_realtime_data(0757).csv in Resources */,
				0C1D71882CCF33E8003CD700 /* test_cropped_realtime_data(2).csv in Resources */,
			);
			runOnlyForDeploymentPostprocessing = 0;
		};
		3B445A0E2BF0F0EA00AFA631 /* Resources */ = {
			isa = PBXResourcesBuildPhase;
			buildActionMask = 2147483647;
			files = (
				3B445A1D2BF0F0EB00AFA631 /* Preview Assets.xcassets in Resources */,
				3B445A1A2BF0F0EB00AFA631 /* Assets.xcassets in Resources */,
			);
			runOnlyForDeploymentPostprocessing = 0;
		};
/* End PBXResourcesBuildPhase section */

/* Begin PBXSourcesBuildPhase section */
		3B4459FC2BF0F0E900AFA631 /* Sources */ = {
			isa = PBXSourcesBuildPhase;
			buildActionMask = 2147483647;
			files = (
				736119542C68A30100F3FF11 /* CarouselView.swift .swift in Sources */,
				3B05422C2C75CB9200A4CB0D /* TopNav.swift in Sources */,
				3BA82A402C79E7C500CE24F2 /* SleepView.swift in Sources */,
				0CFAD48C2C839CD200791BF5 /* TrainProcesser.swift in Sources */,
				739AE9682C6DD742006BAF47 /* NameChangeView.swift in Sources */,
				3B05422A2C75CB3700A4CB0D /* BackButton.swift in Sources */,
				0C20A0D62C845261006790A8 /* DocumentPicker.swift in Sources */,
				736119612C68AA8800F3FF11 /* DeviceRegistrationView.swift .swift in Sources */,
				739AE9702C700950006BAF47 /* SleepDetailView.swift in Sources */,
				A82DF18F2C7B331A00EF097E /* MainContentView.swift in Sources */,
				3BC998AE2C7C5BE800B9C3E1 /* CustomTopBar.swift in Sources */,
				3BF207EB2C735CA4000DEDA9 /* RecordView.swift in Sources */,
				3BA82A422C79E82600CE24F2 /* SoundsView.swift in Sources */,
				736119592C68A59300F3FF11 /* LoginView.swift in Sources */,
				73E1F5B42C833E1C000118C7 /* MiniPlayerView.swift in Sources */,
				3BA82A392C79E1EC00CE24F2 /* BottomNav.swift in Sources */,
				0C8583F22C88938E002E7BD2 /* CSVExporter.swift in Sources */,
				736119522C68A23300F3FF11 /* Colors.swift in Sources */,
				3B3554042C776E8D005FA172 /* SleepDataView.swift in Sources */,
				736119662C68AE5800F3FF11 /* HomeView.swift in Sources */,
				736119482C68948100F3FF11 /* LoadingView.swift in Sources */,
				73E1F5B62C833E2E000118C7 /* MusicPlayerView.swift in Sources */,
				73E1F5B22C833E03000118C7 /* AlbumView.swift in Sources */,
				7361196C2C68B6C400F3FF11 /* SleepTrackingView.swift in Sources */,
				0C8583F02C883280002E7BD2 /* StageAiPredictionView.swift in Sources */,
				0C24AD6D2C7CBE15004CF022 /* DreamAiProcesser.swift in Sources */,
				3B74A4812C8DFA170033FF20 /* AnnuallySleepView.swift in Sources */,
				3BA82A3E2C79E64A00CE24F2 /* SettingsView.swift in Sources */,
				73E1F5B02C833DF0000118C7 /* Album.swift in Sources */,
				738244052CB512DB008AB3BF /* CommonData.swift in Sources */,
				7361195D2C68A6D100F3FF11 /* RegisterView.swift in Sources */,
				0C8583EC2C882FC3002E7BD2 /* StageAiProcesser.swift in Sources */,
				7361195F2C68A99000F3FF11 /* RegisterCompleteView.swift in Sources */,
				0C0A8C732CBBB56D00D2C329 /* DemoView.swift in Sources */,
				0C8583EE2C883117002E7BD2 /* StageAiPredictionManager.swift in Sources */,
				739AE96A2C6DE037006BAF47 /* EmailChangeView.swift in Sources */,
				739AE9642C6DB1ED006BAF47 /* AccountManagementView.swift in Sources */,
				A82DF1922C7B5AC100EF097E /* BLEManager.swift in Sources */,
				739AE9662C6DB91F006BAF47 /* ImagePicker.swift in Sources */,
				0C8583EA2C88260B002E7BD2 /* StageAi_MyTabularClassifier.mlmodel in Sources */,
				0C24AD782C7CC977004CF022 /* DreamAiPredictionView.swift in Sources */,
				0C24AD762C7CC95E004CF022 /* DreamAiPredictionManager.swift in Sources */,
				0CFAD48A2C83940300791BF5 /* TrainingView.swift in Sources */,
				3B445A042BF0F0E900AFA631 /* GetDatasApp.swift in Sources */,
				739AE96C2C6DE368006BAF47 /* PasswordChangeView.swift in Sources */,
				739AE9742C700C31006BAF47 /* BedTimeAlarmView.swift in Sources */,
				3B74A47B2C8DF9D60033FF20 /* DailySleepView.swift in Sources */,
				3B74A47F2C8DFA010033FF20 /* MonthlySleepView.swift in Sources */,
				0C24AD6B2C7CB740004CF022 /* DreamDetector_TabularClassifier.mlmodel in Sources */,
				3B74A47D2C8DF9EC0033FF20 /* WeeklySleepView.swift in Sources */,
			);
			runOnlyForDeploymentPostprocessing = 0;
		};
		3B445A0C2BF0F0EA00AFA631 /* Sources */ = {
			isa = PBXSourcesBuildPhase;
			buildActionMask = 2147483647;
			files = (
				3B2555DD2C7727B400F298BF /* DataManager.swift in Sources */,
				3B445A162BF0F0EA00AFA631 /* GetDatasApp.swift in Sources */,
			);
			runOnlyForDeploymentPostprocessing = 0;
		};
/* End PBXSourcesBuildPhase section */

/* Begin PBXTargetDependency section */
		3B445A132BF0F0EA00AFA631 /* PBXTargetDependency */ = {
			isa = PBXTargetDependency;
			target = 3B445A0F2BF0F0EA00AFA631 /* GetDatas Watch App */;
			targetProxy = 3B445A122BF0F0EA00AFA631 /* PBXContainerItemProxy */;
		};
/* End PBXTargetDependency section */

/* Begin XCBuildConfiguration section */
		3B445A1E2BF0F0EB00AFA631 /* Debug */ = {
			isa = XCBuildConfiguration;
			buildSettings = {
				ALWAYS_SEARCH_USER_PATHS = NO;
				ASSETCATALOG_COMPILER_GENERATE_SWIFT_ASSET_SYMBOL_EXTENSIONS = YES;
				CLANG_ANALYZER_NONNULL = YES;
				CLANG_ANALYZER_NUMBER_OBJECT_CONVERSION = YES_AGGRESSIVE;
				CLANG_CXX_LANGUAGE_STANDARD = "gnu++20";
				CLANG_ENABLE_MODULES = YES;
				CLANG_ENABLE_OBJC_ARC = YES;
				CLANG_ENABLE_OBJC_WEAK = YES;
				CLANG_WARN_BLOCK_CAPTURE_AUTORELEASING = YES;
				CLANG_WARN_BOOL_CONVERSION = YES;
				CLANG_WARN_COMMA = YES;
				CLANG_WARN_CONSTANT_CONVERSION = YES;
				CLANG_WARN_DEPRECATED_OBJC_IMPLEMENTATIONS = YES;
				CLANG_WARN_DIRECT_OBJC_ISA_USAGE = YES_ERROR;
				CLANG_WARN_DOCUMENTATION_COMMENTS = YES;
				CLANG_WARN_EMPTY_BODY = YES;
				CLANG_WARN_ENUM_CONVERSION = YES;
				CLANG_WARN_INFINITE_RECURSION = YES;
				CLANG_WARN_INT_CONVERSION = YES;
				CLANG_WARN_NON_LITERAL_NULL_CONVERSION = YES;
				CLANG_WARN_OBJC_IMPLICIT_RETAIN_SELF = YES;
				CLANG_WARN_OBJC_LITERAL_CONVERSION = YES;
				CLANG_WARN_OBJC_ROOT_CLASS = YES_ERROR;
				CLANG_WARN_QUOTED_INCLUDE_IN_FRAMEWORK_HEADER = YES;
				CLANG_WARN_RANGE_LOOP_ANALYSIS = YES;
				CLANG_WARN_STRICT_PROTOTYPES = YES;
				CLANG_WARN_SUSPICIOUS_MOVE = YES;
				CLANG_WARN_UNGUARDED_AVAILABILITY = YES_AGGRESSIVE;
				CLANG_WARN_UNREACHABLE_CODE = YES;
				CLANG_WARN__DUPLICATE_METHOD_MATCH = YES;
				COPY_PHASE_STRIP = NO;
				DEAD_CODE_STRIPPING = YES;
				DEBUG_INFORMATION_FORMAT = dwarf;
				ENABLE_STRICT_OBJC_MSGSEND = YES;
				ENABLE_TESTABILITY = YES;
				ENABLE_USER_SCRIPT_SANDBOXING = YES;
				GCC_C_LANGUAGE_STANDARD = gnu17;
				GCC_DYNAMIC_NO_PIC = NO;
				GCC_NO_COMMON_BLOCKS = YES;
				GCC_OPTIMIZATION_LEVEL = 0;
				GCC_PREPROCESSOR_DEFINITIONS = (
					"DEBUG=1",
					"$(inherited)",
				);
				GCC_WARN_64_TO_32_BIT_CONVERSION = YES;
				GCC_WARN_ABOUT_RETURN_TYPE = YES_ERROR;
				GCC_WARN_UNDECLARED_SELECTOR = YES;
				GCC_WARN_UNINITIALIZED_AUTOS = YES_AGGRESSIVE;
				GCC_WARN_UNUSED_FUNCTION = YES;
				GCC_WARN_UNUSED_VARIABLE = YES;
				LOCALIZATION_PREFERS_STRING_CATALOGS = YES;
				MTL_ENABLE_DEBUG_INFO = INCLUDE_SOURCE;
				MTL_FAST_MATH = YES;
				ONLY_ACTIVE_ARCH = YES;
				SWIFT_ACTIVE_COMPILATION_CONDITIONS = "DEBUG $(inherited)";
				SWIFT_OPTIMIZATION_LEVEL = "-Onone";
			};
			name = Debug;
		};
		3B445A1F2BF0F0EB00AFA631 /* Release */ = {
			isa = XCBuildConfiguration;
			buildSettings = {
				ALWAYS_SEARCH_USER_PATHS = NO;
				ASSETCATALOG_COMPILER_GENERATE_SWIFT_ASSET_SYMBOL_EXTENSIONS = YES;
				CLANG_ANALYZER_NONNULL = YES;
				CLANG_ANALYZER_NUMBER_OBJECT_CONVERSION = YES_AGGRESSIVE;
				CLANG_CXX_LANGUAGE_STANDARD = "gnu++20";
				CLANG_ENABLE_MODULES = YES;
				CLANG_ENABLE_OBJC_ARC = YES;
				CLANG_ENABLE_OBJC_WEAK = YES;
				CLANG_WARN_BLOCK_CAPTURE_AUTORELEASING = YES;
				CLANG_WARN_BOOL_CONVERSION = YES;
				CLANG_WARN_COMMA = YES;
				CLANG_WARN_CONSTANT_CONVERSION = YES;
				CLANG_WARN_DEPRECATED_OBJC_IMPLEMENTATIONS = YES;
				CLANG_WARN_DIRECT_OBJC_ISA_USAGE = YES_ERROR;
				CLANG_WARN_DOCUMENTATION_COMMENTS = YES;
				CLANG_WARN_EMPTY_BODY = YES;
				CLANG_WARN_ENUM_CONVERSION = YES;
				CLANG_WARN_INFINITE_RECURSION = YES;
				CLANG_WARN_INT_CONVERSION = YES;
				CLANG_WARN_NON_LITERAL_NULL_CONVERSION = YES;
				CLANG_WARN_OBJC_IMPLICIT_RETAIN_SELF = YES;
				CLANG_WARN_OBJC_LITERAL_CONVERSION = YES;
				CLANG_WARN_OBJC_ROOT_CLASS = YES_ERROR;
				CLANG_WARN_QUOTED_INCLUDE_IN_FRAMEWORK_HEADER = YES;
				CLANG_WARN_RANGE_LOOP_ANALYSIS = YES;
				CLANG_WARN_STRICT_PROTOTYPES = YES;
				CLANG_WARN_SUSPICIOUS_MOVE = YES;
				CLANG_WARN_UNGUARDED_AVAILABILITY = YES_AGGRESSIVE;
				CLANG_WARN_UNREACHABLE_CODE = YES;
				CLANG_WARN__DUPLICATE_METHOD_MATCH = YES;
				COPY_PHASE_STRIP = NO;
				DEAD_CODE_STRIPPING = YES;
				DEBUG_INFORMATION_FORMAT = "dwarf-with-dsym";
				ENABLE_NS_ASSERTIONS = NO;
				ENABLE_STRICT_OBJC_MSGSEND = YES;
				ENABLE_USER_SCRIPT_SANDBOXING = YES;
				GCC_C_LANGUAGE_STANDARD = gnu17;
				GCC_NO_COMMON_BLOCKS = YES;
				GCC_WARN_64_TO_32_BIT_CONVERSION = YES;
				GCC_WARN_ABOUT_RETURN_TYPE = YES_ERROR;
				GCC_WARN_UNDECLARED_SELECTOR = YES;
				GCC_WARN_UNINITIALIZED_AUTOS = YES_AGGRESSIVE;
				GCC_WARN_UNUSED_FUNCTION = YES;
				GCC_WARN_UNUSED_VARIABLE = YES;
				LOCALIZATION_PREFERS_STRING_CATALOGS = YES;
				MTL_ENABLE_DEBUG_INFO = NO;
				MTL_FAST_MATH = YES;
				SWIFT_COMPILATION_MODE = wholemodule;
			};
			name = Release;
		};
		3B445A212BF0F0EB00AFA631 /* Debug */ = {
			isa = XCBuildConfiguration;
			buildSettings = {
				ASSETCATALOG_COMPILER_APPICON_NAME = AppIcon;
				ASSETCATALOG_COMPILER_GLOBAL_ACCENT_COLOR_NAME = AccentColor;
				ASSETCATALOG_COMPILER_INCLUDE_ALL_APPICON_ASSETS = NO;
				CODE_SIGN_ENTITLEMENTS = "GetDatas Watch App/GetDatas Watch App.entitlements";
				CODE_SIGN_IDENTITY = "Apple Development";
				"CODE_SIGN_IDENTITY[sdk=watchos*]" = "iPhone Developer";
				CODE_SIGN_STYLE = Manual;
				CURRENT_PROJECT_VERSION = 1;
				DEVELOPMENT_ASSET_PATHS = "\"GetDatas Watch App/Preview Content\"";
				DEVELOPMENT_TEAM = "";
				"DEVELOPMENT_TEAM[sdk=watchos*]" = D2559AT45B;
				ENABLE_PREVIEWS = YES;
				GENERATE_INFOPLIST_FILE = YES;
				INFOPLIST_FILE = "GetDatas-Watch-App-Info.plist";
				INFOPLIST_KEY_CFBundleDisplayName = Raem;
				INFOPLIST_KEY_NSBluetoothAlwaysUsageDescription = "블루투스 권한 필요";
				INFOPLIST_KEY_NSBluetoothPeripheralUsageDescription = "블루투스 주변기기 사용 권한 필요";
				INFOPLIST_KEY_NSHealthClinicalHealthRecordsShareUsageDescription = "데이터 접근을 위해 권한이 필요합니다.";
				INFOPLIST_KEY_NSHealthShareUsageDescription = "건강 정보에 대한 접근 권한이 필요합니다";
				INFOPLIST_KEY_NSHealthUpdateUsageDescription = "건강 정보 업데이트에 대한 권한이 필요합니다";
				INFOPLIST_KEY_NSMicrophoneUsageDescription = "소음 측정을 위한 마이크 접근 권한이 필요합니다";
				INFOPLIST_KEY_UISupportedInterfaceOrientations = "UIInterfaceOrientationPortrait UIInterfaceOrientationPortraitUpsideDown";
				INFOPLIST_KEY_WKCompanionAppBundleIdentifier = raem.GetDatas;
				INFOPLIST_KEY_WKRunsIndependentlyOfCompanionApp = YES;
				LD_RUNPATH_SEARCH_PATHS = (
					"$(inherited)",
					"@executable_path/Frameworks",
				);
				MARKETING_VERSION = 1.0;
				PRODUCT_BUNDLE_IDENTIFIER = raem.GetDatas.watchkitapp;
				PRODUCT_NAME = "$(TARGET_NAME)";
				PROVISIONING_PROFILE_SPECIFIER = "";
				"PROVISIONING_PROFILE_SPECIFIER[sdk=watchos*]" = RAEM_FE_WATCH;
				SDKROOT = watchos;
				SKIP_INSTALL = YES;
				SWIFT_EMIT_LOC_STRINGS = YES;
				SWIFT_VERSION = 5.0;
				TARGETED_DEVICE_FAMILY = 4;
				WATCHOS_DEPLOYMENT_TARGET = 10.0;
			};
			name = Debug;
		};
		3B445A222BF0F0EB00AFA631 /* Release */ = {
			isa = XCBuildConfiguration;
			buildSettings = {
				ASSETCATALOG_COMPILER_APPICON_NAME = AppIcon;
				ASSETCATALOG_COMPILER_GLOBAL_ACCENT_COLOR_NAME = AccentColor;
				ASSETCATALOG_COMPILER_INCLUDE_ALL_APPICON_ASSETS = NO;
				CODE_SIGN_ENTITLEMENTS = "GetDatas Watch App/GetDatas Watch App.entitlements";
				CODE_SIGN_IDENTITY = "Apple Development";
				"CODE_SIGN_IDENTITY[sdk=watchos*]" = "iPhone Developer";
				CODE_SIGN_STYLE = Manual;
				CURRENT_PROJECT_VERSION = 1;
				DEVELOPMENT_ASSET_PATHS = "\"GetDatas Watch App/Preview Content\"";
				DEVELOPMENT_TEAM = "";
				"DEVELOPMENT_TEAM[sdk=watchos*]" = D2559AT45B;
				ENABLE_PREVIEWS = YES;
				GENERATE_INFOPLIST_FILE = YES;
				INFOPLIST_FILE = "GetDatas-Watch-App-Info.plist";
				INFOPLIST_KEY_CFBundleDisplayName = Raem;
				INFOPLIST_KEY_NSBluetoothAlwaysUsageDescription = "블루투스 권한 필요";
				INFOPLIST_KEY_NSBluetoothPeripheralUsageDescription = "블루투스 주변기기 사용 권한 필요";
				INFOPLIST_KEY_NSHealthClinicalHealthRecordsShareUsageDescription = "데이터 접근을 위해 권한이 필요합니다.";
				INFOPLIST_KEY_NSHealthShareUsageDescription = "건강 정보에 대한 접근 권한이 필요합니다";
				INFOPLIST_KEY_NSHealthUpdateUsageDescription = "건강 정보 업데이트에 대한 권한이 필요합니다";
				INFOPLIST_KEY_NSMicrophoneUsageDescription = "소음 측정을 위한 마이크 접근 권한이 필요합니다";
				INFOPLIST_KEY_UISupportedInterfaceOrientations = "UIInterfaceOrientationPortrait UIInterfaceOrientationPortraitUpsideDown";
				INFOPLIST_KEY_WKCompanionAppBundleIdentifier = raem.GetDatas;
				INFOPLIST_KEY_WKRunsIndependentlyOfCompanionApp = YES;
				LD_RUNPATH_SEARCH_PATHS = (
					"$(inherited)",
					"@executable_path/Frameworks",
				);
				MARKETING_VERSION = 1.0;
				PRODUCT_BUNDLE_IDENTIFIER = raem.GetDatas.watchkitapp;
				PRODUCT_NAME = "$(TARGET_NAME)";
				PROVISIONING_PROFILE_SPECIFIER = "";
				"PROVISIONING_PROFILE_SPECIFIER[sdk=watchos*]" = RAEM_FE_WATCH;
				SDKROOT = watchos;
				SKIP_INSTALL = YES;
				SWIFT_EMIT_LOC_STRINGS = YES;
				SWIFT_VERSION = 5.0;
				TARGETED_DEVICE_FAMILY = 4;
				VALIDATE_PRODUCT = YES;
				WATCHOS_DEPLOYMENT_TARGET = 10.0;
			};
			name = Release;
		};
		3B445A252BF0F0EB00AFA631 /* Debug */ = {
			isa = XCBuildConfiguration;
			buildSettings = {
				ALWAYS_EMBED_SWIFT_STANDARD_LIBRARIES = YES;
				ASSETCATALOG_COMPILER_APPICON_NAME = AppIcon;
				ASSETCATALOG_COMPILER_GLOBAL_ACCENT_COLOR_NAME = AccentColor;
				CLANG_ENABLE_MODULES = YES;
				CODE_SIGN_ENTITLEMENTS = GetDatas/GetDatas.entitlements;
				CODE_SIGN_IDENTITY = "Apple Development";
				"CODE_SIGN_IDENTITY[sdk=iphoneos*]" = "iPhone Developer";
				CODE_SIGN_STYLE = Manual;
				CURRENT_PROJECT_VERSION = 1;
				DEVELOPMENT_ASSET_PATHS = "\"GetDatas/Preview Content\"";
				DEVELOPMENT_TEAM = "";
				"DEVELOPMENT_TEAM[sdk=iphoneos*]" = D2559AT45B;
				ENABLE_PREVIEWS = YES;
				GENERATE_INFOPLIST_FILE = YES;
				INFOPLIST_FILE = GetDatas/Info.plist;
				INFOPLIST_KEY_CFBundleDisplayName = Raem;
				INFOPLIST_KEY_NSBluetoothAlwaysUsageDescription = "블루투스 권한 필요";
				INFOPLIST_KEY_NSBluetoothPeripheralUsageDescription = "블루투스 주변기기 사용 권한 필요";
				INFOPLIST_KEY_NSDocumentsFolderUsageDescription = "앱이 문서에 접근하여 데이터를 처리합니다.";
				INFOPLIST_KEY_NSHealthClinicalHealthRecordsShareUsageDescription = "데이터 접근을 위한 접근 권한이 필요합니다";
				INFOPLIST_KEY_NSHealthShareUsageDescription = "데이터 접근을 위해 접근 권한이 필요합니다";
				INFOPLIST_KEY_NSHealthUpdateUsageDescription = "데이터 접근을 위한 접근 권한이 필요합니다";
				INFOPLIST_KEY_NSMicrophoneUsageDescription = "마이크 접근 권한이 필요합니다";
				INFOPLIST_KEY_UIApplicationSceneManifest_Generation = YES;
				INFOPLIST_KEY_UIApplicationSupportsIndirectInputEvents = YES;
				INFOPLIST_KEY_UILaunchScreen_Generation = YES;
				INFOPLIST_KEY_UISupportedInterfaceOrientations_iPad = "UIInterfaceOrientationPortrait UIInterfaceOrientationPortraitUpsideDown UIInterfaceOrientationLandscapeLeft UIInterfaceOrientationLandscapeRight";
				INFOPLIST_KEY_UISupportedInterfaceOrientations_iPhone = "UIInterfaceOrientationPortrait UIInterfaceOrientationLandscapeLeft UIInterfaceOrientationLandscapeRight";
				IPHONEOS_DEPLOYMENT_TARGET = 17.0;
				LD_RUNPATH_SEARCH_PATHS = (
					"$(inherited)",
					"@executable_path/Frameworks",
				);
				MARKETING_VERSION = 1.0;
				PRODUCT_BUNDLE_IDENTIFIER = raem.GetDatas;
				PRODUCT_NAME = "$(TARGET_NAME)";
				PROVISIONING_PROFILE_SPECIFIER = "";
				"PROVISIONING_PROFILE_SPECIFIER[sdk=iphoneos*]" = Raem_FE;
				SDKROOT = iphoneos;
				SWIFT_EMIT_LOC_STRINGS = YES;
				SWIFT_OPTIMIZATION_LEVEL = "-Onone";
				SWIFT_VERSION = 5.0;
				TARGETED_DEVICE_FAMILY = "1,2";
			};
			name = Debug;
		};
		3B445A262BF0F0EB00AFA631 /* Release */ = {
			isa = XCBuildConfiguration;
			buildSettings = {
				ALWAYS_EMBED_SWIFT_STANDARD_LIBRARIES = YES;
				ASSETCATALOG_COMPILER_APPICON_NAME = AppIcon;
				ASSETCATALOG_COMPILER_GLOBAL_ACCENT_COLOR_NAME = AccentColor;
				CLANG_ENABLE_MODULES = YES;
				CODE_SIGN_ENTITLEMENTS = GetDatas/GetDatas.entitlements;
				CODE_SIGN_IDENTITY = "Apple Development";
				"CODE_SIGN_IDENTITY[sdk=iphoneos*]" = "iPhone Developer";
				CODE_SIGN_STYLE = Manual;
				CURRENT_PROJECT_VERSION = 1;
				DEVELOPMENT_ASSET_PATHS = "\"GetDatas/Preview Content\"";
				DEVELOPMENT_TEAM = "";
				"DEVELOPMENT_TEAM[sdk=iphoneos*]" = D2559AT45B;
				ENABLE_PREVIEWS = YES;
				GENERATE_INFOPLIST_FILE = YES;
				INFOPLIST_FILE = GetDatas/Info.plist;
				INFOPLIST_KEY_CFBundleDisplayName = Raem;
				INFOPLIST_KEY_NSBluetoothAlwaysUsageDescription = "블루투스 권한 필요";
				INFOPLIST_KEY_NSBluetoothPeripheralUsageDescription = "블루투스 주변기기 사용 권한 필요";
				INFOPLIST_KEY_NSDocumentsFolderUsageDescription = "앱이 문서에 접근하여 데이터를 처리합니다.";
				INFOPLIST_KEY_NSHealthClinicalHealthRecordsShareUsageDescription = "데이터 접근을 위한 접근 권한이 필요합니다";
				INFOPLIST_KEY_NSHealthShareUsageDescription = "데이터 접근을 위해 접근 권한이 필요합니다";
				INFOPLIST_KEY_NSHealthUpdateUsageDescription = "데이터 접근을 위한 접근 권한이 필요합니다";
				INFOPLIST_KEY_NSMicrophoneUsageDescription = "마이크 접근 권한이 필요합니다";
				INFOPLIST_KEY_UIApplicationSceneManifest_Generation = YES;
				INFOPLIST_KEY_UIApplicationSupportsIndirectInputEvents = YES;
				INFOPLIST_KEY_UILaunchScreen_Generation = YES;
				INFOPLIST_KEY_UISupportedInterfaceOrientations_iPad = "UIInterfaceOrientationPortrait UIInterfaceOrientationPortraitUpsideDown UIInterfaceOrientationLandscapeLeft UIInterfaceOrientationLandscapeRight";
				INFOPLIST_KEY_UISupportedInterfaceOrientations_iPhone = "UIInterfaceOrientationPortrait UIInterfaceOrientationLandscapeLeft UIInterfaceOrientationLandscapeRight";
				IPHONEOS_DEPLOYMENT_TARGET = 17.0;
				LD_RUNPATH_SEARCH_PATHS = (
					"$(inherited)",
					"@executable_path/Frameworks",
				);
				MARKETING_VERSION = 1.0;
				PRODUCT_BUNDLE_IDENTIFIER = raem.GetDatas;
				PRODUCT_NAME = "$(TARGET_NAME)";
				PROVISIONING_PROFILE_SPECIFIER = "";
				"PROVISIONING_PROFILE_SPECIFIER[sdk=iphoneos*]" = Raem_FE;
				SDKROOT = iphoneos;
				SWIFT_EMIT_LOC_STRINGS = YES;
				SWIFT_VERSION = 5.0;
				TARGETED_DEVICE_FAMILY = "1,2";
				VALIDATE_PRODUCT = YES;
			};
			name = Release;
		};
/* End XCBuildConfiguration section */

/* Begin XCConfigurationList section */
		3B4459FB2BF0F0E900AFA631 /* Build configuration list for PBXProject "GetDatas" */ = {
			isa = XCConfigurationList;
			buildConfigurations = (
				3B445A1E2BF0F0EB00AFA631 /* Debug */,
				3B445A1F2BF0F0EB00AFA631 /* Release */,
			);
			defaultConfigurationIsVisible = 0;
			defaultConfigurationName = Release;
		};
		3B445A202BF0F0EB00AFA631 /* Build configuration list for PBXNativeTarget "GetDatas Watch App" */ = {
			isa = XCConfigurationList;
			buildConfigurations = (
				3B445A212BF0F0EB00AFA631 /* Debug */,
				3B445A222BF0F0EB00AFA631 /* Release */,
			);
			defaultConfigurationIsVisible = 0;
			defaultConfigurationName = Release;
		};
		3B445A242BF0F0EB00AFA631 /* Build configuration list for PBXNativeTarget "GetDatas" */ = {
			isa = XCConfigurationList;
			buildConfigurations = (
				3B445A252BF0F0EB00AFA631 /* Debug */,
				3B445A262BF0F0EB00AFA631 /* Release */,
			);
			defaultConfigurationIsVisible = 0;
			defaultConfigurationName = Release;
		};
/* End XCConfigurationList section */
	};
	rootObject = 3B4459F82BF0F0E900AFA631 /* Project object */;
}
